
Microsoft Visual Studio Solution File, Format Version 12.00
# Visual Studio 15
VisualStudioVersion = 15.0.28010.2016
MinimumVisualStudioVersion = 10.0.40219.1
Project("{FAE04EC0-301F-11D3-BF4B-00C04F79EFBC}") = "S28Filler2", "S28Filler2\S28Filler2.csproj", "{8EA33D91-3606-4F61-A6F5-46F407617834}"
EndProject
Global
	GlobalSection(SolutionConfigurationPlatforms) = preSolution
		Debug|Any CPU = Debug|Any CPU
		Release|Any CPU = Release|Any CPU
	EndGlobalSection
	GlobalSection(ProjectConfigurationPlatforms) = postSolution
		{8EA33D91-3606-4F61-A6F5-46F407617834}.Debug|Any CPU.ActiveCfg = Debug|Any CPU
		{8EA33D91-3606-4F61-A6F5-46F407617834}.Debug|Any CPU.Build.0 = Debug|Any CPU
		{8EA33D91-3606-4F61-A6F5-46F407617834}.Release|Any CPU.ActiveCfg = Release|Any CPU
		{8EA33D91-3606-4F61-A6F5-46F407617834}.Release|Any CPU.Build.0 = Release|Any CPU
	EndGlobalSection
	GlobalSection(SolutionProperties) = preSolution
		HideSolutionNode = FALSE
	EndGlobalSection
	GlobalSection(ExtensibilityGlobals) = postSolution
		SolutionGuid = {9783357B-8E73-4C16-8D68-36B864C49B9F}
	EndGlobalSection
EndGlobal
